<?xml version="1.0" encoding="utf-8"?>
<Project ToolsVersion="4.0" xmlns="http://schemas.microsoft.com/developer/msbuild/2003">
  <ItemGroup>
    <ClCompile Include="BattleSystem.cpp" />
    <ClCompile Include="GameLog.cpp" />
    <ClCompile Include="Inventory.cpp" />
    <ClCompile Include="Main.cpp" />
    <ClCompile Include="Monster\Goblin.cpp" />
    <ClCompile Include="Monster\Monster.cpp" />
    <ClCompile Include="Monster\Orc.cpp" />
    <ClCompile Include="Monster\Slime.cpp" />
    <ClCompile Include="Monster\Troll.cpp" />
    <ClCompile Include="Player.cpp" />
    <ClCompile Include="RewardSystem.cpp" />
    <ClCompile Include="Skill.cpp" />
    <ClCompile Include="Slash.cpp" />
    <ClCompile Include="Monster\BossDragon.cpp" />
    <ClCompile Include="Monster\BossMonster.cpp" />
  </ItemGroup>
  <ItemGroup>
    <ClInclude Include="BattleSystem.h" />
    <ClInclude Include="GameLog.h" />
    <ClInclude Include="Inventory.h" />
    <ClInclude Include="Monster\Goblin.h" />
    <ClInclude Include="Monster\Monster.h" />
    <ClInclude Include="Monster\Orc.h" />
    <ClInclude Include="Monster\Slime.h" />
    <ClInclude Include="Monster\Troll.h" />
    <ClInclude Include="Player.h" />
    <ClInclude Include="resource.h" />
    <ClInclude Include="RewardSystem.h" />
    <ClInclude Include="Skill.h" />
    <ClInclude Include="Slash.h" />
    <ClInclude Include="Monster\BossMonster.h" />
    <ClInclude Include="Monster\BossDragon.h" />
  </ItemGroup>
</Project>